
Microsoft Visual Studio Solution File, Format Version 12.00
# Visual Studio Version 16
VisualStudioVersion = 16.0.32510.428
MinimumVisualStudioVersion = 10.0.40219.1
Project("{FAE04EC0-301F-11D3-BF4B-00C04F79EFBC}") = "Ejer12DatosEmple.Android", "Ejer12DatosEmple.Android\Ejer12DatosEmple.Android.csproj", "{AD0ECE29-6993-4043-ADED-BDFC99E42204}"
EndProject
Project("{FAE04EC0-301F-11D3-BF4B-00C04F79EFBC}") = "Ejer12DatosEmple", "Ejer12DatosEmple\Ejer12DatosEmple.csproj", "{6B59BF5E-C03A-4485-87BD-B161F5575CB8}"
EndProject
Global
	GlobalSection(SolutionConfigurationPlatforms) = preSolution
		Debug|Any CPU = Debug|Any CPU
		Release|Any CPU = Release|Any CPU
	EndGlobalSection
	GlobalSection(ProjectConfigurationPlatforms) = postSolution
		{AD0ECE29-6993-4043-ADED-BDFC99E42204}.Debug|Any CPU.ActiveCfg = Debug|Any CPU
		{AD0ECE29-6993-4043-ADED-BDFC99E42204}.Debug|Any CPU.Build.0 = Debug|Any CPU
		{AD0ECE29-6993-4043-ADED-BDFC99E42204}.Debug|Any CPU.Deploy.0 = Debug|Any CPU
		{AD0ECE29-6993-4043-ADED-BDFC99E42204}.Release|Any CPU.ActiveCfg = Release|Any CPU
		{AD0ECE29-6993-4043-ADED-BDFC99E42204}.Release|Any CPU.Build.0 = Release|Any CPU
		{AD0ECE29-6993-4043-ADED-BDFC99E42204}.Release|Any CPU.Deploy.0 = Release|Any CPU
		{6B59BF5E-C03A-4485-87BD-B161F5575CB8}.Debug|Any CPU.ActiveCfg = Debug|Any CPU
		{6B59BF5E-C03A-4485-87BD-B161F5575CB8}.Debug|Any CPU.Build.0 = Debug|Any CPU
		{6B59BF5E-C03A-4485-87BD-B161F5575CB8}.Debug|Any CPU.Deploy.0 = Debug|Any CPU
		{6B59BF5E-C03A-4485-87BD-B161F5575CB8}.Release|Any CPU.ActiveCfg = Release|Any CPU
		{6B59BF5E-C03A-4485-87BD-B161F5575CB8}.Release|Any CPU.Build.0 = Release|Any CPU
		{6B59BF5E-C03A-4485-87BD-B161F5575CB8}.Release|Any CPU.Deploy.0 = Release|Any CPU
	EndGlobalSection
	GlobalSection(SolutionProperties) = preSolution
		HideSolutionNode = FALSE
	EndGlobalSection
	GlobalSection(ExtensibilityGlobals) = postSolution
		SolutionGuid = {C6E7CEDD-BBCB-45D8-9094-79F6173BB7EE}
	EndGlobalSection
EndGlobal
